
Microsoft Visual Studio Solution File, Format Version 12.00
# Visual Studio Version 17
VisualStudioVersion = 17.7.34031.279
MinimumVisualStudioVersion = 10.0.40219.1
Project("{FAE04EC0-301F-11D3-BF4B-00C04F79EFBC}") = "uygulama", "uygulama\uygulama.csproj", "{24197859-B975-40A3-B42E-26F80917184D}"
EndProject
Global
	GlobalSection(SolutionConfigurationPlatforms) = preSolution
		Debug|Any CPU = Debug|Any CPU
		Release|Any CPU = Release|Any CPU
	EndGlobalSection
	GlobalSection(ProjectConfigurationPlatforms) = postSolution
		{24197859-B975-40A3-B42E-26F80917184D}.Debug|Any CPU.ActiveCfg = Debug|Any CPU
		{24197859-B975-40A3-B42E-26F80917184D}.Debug|Any CPU.Build.0 = Debug|Any CPU
		{24197859-B975-40A3-B42E-26F80917184D}.Release|Any CPU.ActiveCfg = Release|Any CPU
		{24197859-B975-40A3-B42E-26F80917184D}.Release|Any CPU.Build.0 = Release|Any CPU
	EndGlobalSection
	GlobalSection(SolutionProperties) = preSolution
		HideSolutionNode = FALSE
	EndGlobalSection
	GlobalSection(ExtensibilityGlobals) = postSolution
		SolutionGuid = {33D7560C-F08C-4CE3-BD59-ABE5704EC008}
	EndGlobalSection
EndGlobal
